PODS:
  - geos (3.7.0)

DEPENDENCIES:
  - "geos (from `git@github.com:GEOSwift/geos.git`, commit `d3465b402d3d004b7677cb6ebe286636c600c33f`)"

EXTERNAL SOURCES:
  geos:
    :commit: d3465b402d3d004b7677cb6ebe286636c600c33f
    :git: "git@github.com:GEOSwift/geos.git"

CHECKOUT OPTIONS:
  geos:
    :commit: d3465b402d3d004b7677cb6ebe286636c600c33f
    :git: "git@github.com:GEOSwift/geos.git"

SPEC CHECKSUMS:
  geos: de7d149482a5798a4b5cfda2f0dbabd5a23f2591

PODFILE CHECKSUM: 34b8af73bf18491b75aa937d366d8a4a8cec13c2

COCOAPODS: 1.6.0.beta.2
