PODS:
  - geos (3.5.1)

DEPENDENCIES:
  - "geos (from `git@github.com:GEOSwift/geos.git`, commit `c04f72d7efd1f12d9e986bea746314d87b7787ca`)"

EXTERNAL SOURCES:
  geos:
    :commit: c04f72d7efd1f12d9e986bea746314d87b7787ca
    :git: "git@github.com:GEOSwift/geos.git"

CHECKOUT OPTIONS:
  geos:
    :commit: c04f72d7efd1f12d9e986bea746314d87b7787ca
    :git: "git@github.com:GEOSwift/geos.git"

SPEC CHECKSUMS:
  geos: 84cb6053a38f02c92eef764767b4cffd0792b40e

PODFILE CHECKSUM: d05be3e6a21da9d63aa6af3b463cbaee2fdeaa63

COCOAPODS: 1.6.0.beta.2
